
Microsoft Visual Studio Solution File, Format Version 12.00
# Visual Studio Version 17
VisualStudioVersion = 17.1.31911.260
MinimumVisualStudioVersion = 10.0.40219.1
Project("{FAE04EC0-301F-11D3-BF4B-00C04F79EFBC}") = "Aula3.WebApp", "Aula3.WebApp\Aula3.WebApp.csproj", "{04682803-134B-47E2-BA0F-7BF91163671E}"
EndProject
Global
	GlobalSection(SolutionConfigurationPlatforms) = preSolution
		Debug|Any CPU = Debug|Any CPU
		Release|Any CPU = Release|Any CPU
	EndGlobalSection
	GlobalSection(ProjectConfigurationPlatforms) = postSolution
		{04682803-134B-47E2-BA0F-7BF91163671E}.Debug|Any CPU.ActiveCfg = Debug|Any CPU
		{04682803-134B-47E2-BA0F-7BF91163671E}.Debug|Any CPU.Build.0 = Debug|Any CPU
		{04682803-134B-47E2-BA0F-7BF91163671E}.Release|Any CPU.ActiveCfg = Release|Any CPU
		{04682803-134B-47E2-BA0F-7BF91163671E}.Release|Any CPU.Build.0 = Release|Any CPU
	EndGlobalSection
	GlobalSection(SolutionProperties) = preSolution
		HideSolutionNode = FALSE
	EndGlobalSection
	GlobalSection(ExtensibilityGlobals) = postSolution
		SolutionGuid = {88101627-B902-4023-A78C-AF668B315DF0}
	EndGlobalSection
EndGlobal
